
Microsoft Visual Studio Solution File, Format Version 12.00
# Visual Studio 2012
Project("{FAE04EC0-301F-11D3-BF4B-00C04F79EFBC}") = "KonsolTakip.WinForm", "KonsolTakip.WinForm\KonsolTakip.WinForm.csproj", "{5BBF47B1-B6E6-412E-9FF4-B0844A041503}"
EndProject
Project("{FAE04EC0-301F-11D3-BF4B-00C04F79EFBC}") = "KonsolTakip.ORM", "KonsolTakip.ORM\KonsolTakip.ORM.csproj", "{640CA3BA-6A8A-4FEF-9B67-A9A14D4CF2EC}"
EndProject
Global
	GlobalSection(SolutionConfigurationPlatforms) = preSolution
		Debug|Any CPU = Debug|Any CPU
		Release|Any CPU = Release|Any CPU
	EndGlobalSection
	GlobalSection(ProjectConfigurationPlatforms) = postSolution
		{5BBF47B1-B6E6-412E-9FF4-B0844A041503}.Debug|Any CPU.ActiveCfg = Debug|Any CPU
		{5BBF47B1-B6E6-412E-9FF4-B0844A041503}.Debug|Any CPU.Build.0 = Debug|Any CPU
		{5BBF47B1-B6E6-412E-9FF4-B0844A041503}.Release|Any CPU.ActiveCfg = Release|Any CPU
		{5BBF47B1-B6E6-412E-9FF4-B0844A041503}.Release|Any CPU.Build.0 = Release|Any CPU
		{640CA3BA-6A8A-4FEF-9B67-A9A14D4CF2EC}.Debug|Any CPU.ActiveCfg = Debug|Any CPU
		{640CA3BA-6A8A-4FEF-9B67-A9A14D4CF2EC}.Debug|Any CPU.Build.0 = Debug|Any CPU
		{640CA3BA-6A8A-4FEF-9B67-A9A14D4CF2EC}.Release|Any CPU.ActiveCfg = Release|Any CPU
		{640CA3BA-6A8A-4FEF-9B67-A9A14D4CF2EC}.Release|Any CPU.Build.0 = Release|Any CPU
	EndGlobalSection
	GlobalSection(SolutionProperties) = preSolution
		HideSolutionNode = FALSE
	EndGlobalSection
EndGlobal
